
Microsoft Visual Studio Solution File, Format Version 12.00
# Visual Studio Version 16
VisualStudioVersion = 16.0.31624.102
MinimumVisualStudioVersion = 10.0.40219.1
Project("{8BC9CEB8-8B4A-11D0-8D11-00A0C91BC942}") = "lab_9.2", "lab_9.2\lab_9.2.vcxproj", "{5F4B8853-C0F6-4D57-82D4-7992B35C9276}"
EndProject
Project("{8BC9CEB8-8B4A-11D0-8D11-00A0C91BC942}") = "UnitTest", "UnitTest\UnitTest.vcxproj", "{6D46EA20-2333-4455-80E6-FF9B94881A39}"
EndProject
Global
	GlobalSection(SolutionConfigurationPlatforms) = preSolution
		Debug|x64 = Debug|x64
		Debug|x86 = Debug|x86
		Release|x64 = Release|x64
		Release|x86 = Release|x86
	EndGlobalSection
	GlobalSection(ProjectConfigurationPlatforms) = postSolution
		{5F4B8853-C0F6-4D57-82D4-7992B35C9276}.Debug|x64.ActiveCfg = Debug|x64
		{5F4B8853-C0F6-4D57-82D4-7992B35C9276}.Debug|x64.Build.0 = Debug|x64
		{5F4B8853-C0F6-4D57-82D4-7992B35C9276}.Debug|x86.ActiveCfg = Debug|Win32
		{5F4B8853-C0F6-4D57-82D4-7992B35C9276}.Debug|x86.Build.0 = Debug|Win32
		{5F4B8853-C0F6-4D57-82D4-7992B35C9276}.Release|x64.ActiveCfg = Release|x64
		{5F4B8853-C0F6-4D57-82D4-7992B35C9276}.Release|x64.Build.0 = Release|x64
		{5F4B8853-C0F6-4D57-82D4-7992B35C9276}.Release|x86.ActiveCfg = Release|Win32
		{5F4B8853-C0F6-4D57-82D4-7992B35C9276}.Release|x86.Build.0 = Release|Win32
		{6D46EA20-2333-4455-80E6-FF9B94881A39}.Debug|x64.ActiveCfg = Debug|x64
		{6D46EA20-2333-4455-80E6-FF9B94881A39}.Debug|x64.Build.0 = Debug|x64
		{6D46EA20-2333-4455-80E6-FF9B94881A39}.Debug|x86.ActiveCfg = Debug|Win32
		{6D46EA20-2333-4455-80E6-FF9B94881A39}.Debug|x86.Build.0 = Debug|Win32
		{6D46EA20-2333-4455-80E6-FF9B94881A39}.Release|x64.ActiveCfg = Release|x64
		{6D46EA20-2333-4455-80E6-FF9B94881A39}.Release|x64.Build.0 = Release|x64
		{6D46EA20-2333-4455-80E6-FF9B94881A39}.Release|x86.ActiveCfg = Release|Win32
		{6D46EA20-2333-4455-80E6-FF9B94881A39}.Release|x86.Build.0 = Release|Win32
	EndGlobalSection
	GlobalSection(SolutionProperties) = preSolution
		HideSolutionNode = FALSE
	EndGlobalSection
	GlobalSection(ExtensibilityGlobals) = postSolution
		SolutionGuid = {DDCEC31E-1420-4216-998B-C8E308B5ADF5}
	EndGlobalSection
EndGlobal
